github.com/gotk3/gotk3 v0.0.0-20190620081259-6dcdf9e5c51e h1:KFy3swDjmbaSAE6b1iExIgsYt0OkfoLP3HjLm4ifSR8=
github.com/gotk3/gotk3 v0.0.0-20190620081259-6dcdf9e5c51e/go.mod h1:Eew3QBwAOBTrfFFDmsDE5wZWbcagBL1NUslj1GhRveo=
github.com/jpoirier/gortlsdr v2.10.0+incompatible h1:y76oRd3I2+hqcFY2uxbKIRsHzVjJm2s06FnB0SHr96M=
github.com/jpoirier/gortlsdr v2.10.0+incompatible/go.mod h1:RcFRxNvqWDjxbCTkWcmGP4WV0HHSrG1Q0ce0V3TdN6o=
github.com/mjibson/go-dsp v0.0.0-20180508042940-11479a337f12 h1:dd7vnTDfjtwCETZDrRe+GPYNLA1jBtbZeyfyE8eZCyk=
github.com/mjibson/go-dsp v0.0.0-20180508042940-11479a337f12/go.mod h1:i/KKcxEWEO8Yyl11DYafRPKOPVYTrhxiTRigjtEEXZU=
github.com/pkg/errors v0.8.1 h1:iURUrRGxPUNPdy5/HRSm+Yj6okJ6UtLINN0Q9M4+h3I=
github.com/pkg/errors v0.8.1/go.mod h1:bwawxfHBFNV+L2hUp1rHADufV3IMtnDRdf1r5NINEl0=
