github.com/davecgh/go-spew v1.1.0 h1:ZDRjVQ15GmhC3fiQ8ni8+OwkZQO4DARzQgrnXU1Liz8=
github.com/davecgh/go-spew v1.1.0/go.mod h1:J7Y8YcW2NihsgmVo/mv3lAwl/skON4iLHjSsI+c5H38=
github.com/davecgh/go-spew v1.1.1 h1:vj9j/u1bqnvCEfJOwUhtlOARqs3+rkHYY13jYWTU97c=
github.com/davecgh/go-spew v1.1.1/go.mod h1:J7Y8YcW2NihsgmVo/mv3lAwl/skON4iLHjSsI+c5H38=
github.com/ftl/hamradio v0.0.0-20190616142531-0ed92a2499b1 h1:VUw46bPoQucAEtYw/ffSmJtKIXAxWitRsoycgVzMBrI=
github.com/ftl/hamradio v0.0.0-20190616142531-0ed92a2499b1/go.mod h1:0I41yXzVCxvz1tuBJB/5C8l/IBVuRkcNjSIBlPhWWDU=
github.com/ftl/localcopy v0.0.0-20180426154617-736abab34fe4/go.mod h1:PgbDWWUEMWPttzMHQUZs07vDKKzBBJHGdnh765EY8eg=
github.com/ftl/rigproxy v0.0.0-20190807211049-05b9fc829f97 h1:Nz8eOx66OOK/6G5ojgxLgs5D/H3RqXWwrYqnMG7a/zo=
github.com/ftl/rigproxy v0.0.0-20190807211049-05b9fc829f97/go.mod h1:A9tLEPmLdxfgemGReYnB2wLrbjxJWagzzkEpKwUW3S4=
github.com/gotk3/gotk3 v0.0.0-20190620081259-6dcdf9e5c51e h1:KFy3swDjmbaSAE6b1iExIgsYt0OkfoLP3HjLm4ifSR8=
github.com/gotk3/gotk3 v0.0.0-20190620081259-6dcdf9e5c51e/go.mod h1:Eew3QBwAOBTrfFFDmsDE5wZWbcagBL1NUslj1GhRveo=
github.com/jpoirier/gortlsdr v2.10.0+incompatible h1:y76oRd3I2+hqcFY2uxbKIRsHzVjJm2s06FnB0SHr96M=
github.com/jpoirier/gortlsdr v2.10.0+incompatible/go.mod h1:RcFRxNvqWDjxbCTkWcmGP4WV0HHSrG1Q0ce0V3TdN6o=
github.com/mjibson/go-dsp v0.0.0-20180508042940-11479a337f12 h1:dd7vnTDfjtwCETZDrRe+GPYNLA1jBtbZeyfyE8eZCyk=
github.com/mjibson/go-dsp v0.0.0-20180508042940-11479a337f12/go.mod h1:i/KKcxEWEO8Yyl11DYafRPKOPVYTrhxiTRigjtEEXZU=
github.com/pkg/errors v0.8.1 h1:iURUrRGxPUNPdy5/HRSm+Yj6okJ6UtLINN0Q9M4+h3I=
github.com/pkg/errors v0.8.1/go.mod h1:bwawxfHBFNV+L2hUp1rHADufV3IMtnDRdf1r5NINEl0=
github.com/pmezard/go-difflib v1.0.0 h1:4DBwDE0NGyQoBHbLQYPwSUPoCMWR5BEzIk/f1lZbAQM=
github.com/pmezard/go-difflib v1.0.0/go.mod h1:iKH77koFhYxTK1pcRnkKkqfTogsbg7gZNVY4sRDYZ/4=
github.com/spf13/pflag v1.0.3 h1:zPAT6CGy6wXeQ7NtTnaTerfKOsV6V6F8agHXFiazDkg=
github.com/spf13/pflag v1.0.3/go.mod h1:DYY7MBk1bdzusC3SYhjObp+wFpr4gzcvqqNjLnInEg4=
github.com/stretchr/objx v0.1.0/go.mod h1:HFkY916IF+rwdDfMAkV7OtwuqBVzrE8GR6GFx+wExME=
github.com/stretchr/testify v1.3.0 h1:TivCn/peBQ7UY8ooIcPgZFpTNSz0Q2U6UrFlUfqbe0Q=
github.com/stretchr/testify v1.3.0/go.mod h1:M5WIy9Dh21IEIfnGCwXGc5bZfKNJtfHm1UVUgZn+9EI=
